// !$*UTF8*$!
{
	archiveVersion = 1;
	classes = {
	};
	objectVersion = 56;
	objects = {

/* Begin PBXBuildFile section */
		AC1598B12BB478C200D605F9 /* Talent_CalculatorApp.swift in Sources */ = {isa = PBXBuildFile; fileRef = AC1598B02BB478C200D605F9 /* Talent_CalculatorApp.swift */; };
		AC1598B52BB478C400D605F9 /* Assets.xcassets in Resources */ = {isa = PBXBuildFile; fileRef = AC1598B42BB478C400D605F9 /* Assets.xcassets */; };
		AC1598B82BB478C400D605F9 /* Preview Assets.xcassets in Resources */ = {isa = PBXBuildFile; fileRef = AC1598B72BB478C400D605F9 /* Preview Assets.xcassets */; };
		AC1598DC2BB47D0100D605F9 /* ClassesListView.swift in Sources */ = {isa = PBXBuildFile; fileRef = AC1598DB2BB47D0100D605F9 /* ClassesListView.swift */; };
		AC1598E02BB47D5A00D605F9 /* TalentsModel.swift in Sources */ = {isa = PBXBuildFile; fileRef = AC1598DF2BB47D5A00D605F9 /* TalentsModel.swift */; };
		AC1598E92BB49BF300D605F9 /* TalentsTreeView.swift in Sources */ = {isa = PBXBuildFile; fileRef = AC1598E82BB49BF300D605F9 /* TalentsTreeView.swift */; };
		AC1598EB2BB49C8A00D605F9 /* TalentGridView.swift in Sources */ = {isa = PBXBuildFile; fileRef = AC1598EA2BB49C8A00D605F9 /* TalentGridView.swift */; };
		AC1598F12BB4A62200D605F9 /* GridViewModel.swift in Sources */ = {isa = PBXBuildFile; fileRef = AC1598F02BB4A62200D605F9 /* GridViewModel.swift */; };
		AC1598FB2BB5B89400D605F9 /* druidBalance.json in Resources */ = {isa = PBXBuildFile; fileRef = AC1598FA2BB5B89400D605F9 /* druidBalance.json */; };
		AC69D01F2BF25D38006F68C2 /* paladinRetribution.json in Resources */ = {isa = PBXBuildFile; fileRef = AC69D01E2BF25D38006F68C2 /* paladinRetribution.json */; };
		AC7BAF9D2BB620FE007883B1 /* TabbarButtonView.swift in Sources */ = {isa = PBXBuildFile; fileRef = AC7BAF9C2BB620FE007883B1 /* TabbarButtonView.swift */; };
		AC7BAF9F2BB63EDC007883B1 /* TalentTreeHeader.swift in Sources */ = {isa = PBXBuildFile; fileRef = AC7BAF9E2BB63EDC007883B1 /* TalentTreeHeader.swift */; };
		AC7BAFA12BB64392007883B1 /* CharacterClassesModel.swift in Sources */ = {isa = PBXBuildFile; fileRef = AC7BAFA02BB64392007883B1 /* CharacterClassesModel.swift */; };
		AC8D2B2B2BC6B5E300E4A245 /* TalentCell.swift in Sources */ = {isa = PBXBuildFile; fileRef = AC8D2B2A2BC6B5E300E4A245 /* TalentCell.swift */; };
		AC8D2B2D2BC6C4B500E4A245 /* druidFeral.json in Resources */ = {isa = PBXBuildFile; fileRef = AC8D2B2C2BC6C4B500E4A245 /* druidFeral.json */; };
		AC8D2B2F2BC6C4CA00E4A245 /* druidRestoration.json in Resources */ = {isa = PBXBuildFile; fileRef = AC8D2B2E2BC6C4CA00E4A245 /* druidRestoration.json */; };
		ACA5BE9B2BE274DE00E9AA8A /* paladinHoly.json in Resources */ = {isa = PBXBuildFile; fileRef = ACA5BE9A2BE274DE00E9AA8A /* paladinHoly.json */; };
		ACA5BE9F2BE2799800E9AA8A /* paladinProtection.json in Resources */ = {isa = PBXBuildFile; fileRef = ACA5BE9E2BE2799800E9AA8A /* paladinProtection.json */; };
		ACC0CDED2BCD6C56004EAD40 /* ArrowView.swift in Sources */ = {isa = PBXBuildFile; fileRef = ACC0CDEC2BCD6C56004EAD40 /* ArrowView.swift */; };
		ACD358AA2BF2097B00AA2BB0 /* mageArcane.json in Resources */ = {isa = PBXBuildFile; fileRef = ACD358A92BF2097B00AA2BB0 /* mageArcane.json */; };
		ACD358AC2BF2098D00AA2BB0 /* mageFire.json in Resources */ = {isa = PBXBuildFile; fileRef = ACD358AB2BF2098D00AA2BB0 /* mageFire.json */; };
		ACD358AE2BF2099D00AA2BB0 /* mageFrost.json in Resources */ = {isa = PBXBuildFile; fileRef = ACD358AD2BF2099D00AA2BB0 /* mageFrost.json */; };
		ACD358B02BF3BB9E00AA2BB0 /* hunterBeastmastery.json in Resources */ = {isa = PBXBuildFile; fileRef = ACD358AF2BF3BB9E00AA2BB0 /* hunterBeastmastery.json */; };
/* End PBXBuildFile section */

/* Begin PBXFileReference section */
		AC1598AD2BB478C200D605F9 /* Talent Calculator.app */ = {isa = PBXFileReference; explicitFileType = wrapper.application; includeInIndex = 0; path = "Talent Calculator.app"; sourceTree = BUILT_PRODUCTS_DIR; };
		AC1598B02BB478C200D605F9 /* Talent_CalculatorApp.swift */ = {isa = PBXFileReference; lastKnownFileType = sourcecode.swift; path = Talent_CalculatorApp.swift; sourceTree = "<group>"; };
		AC1598B42BB478C400D605F9 /* Assets.xcassets */ = {isa = PBXFileReference; lastKnownFileType = folder.assetcatalog; path = Assets.xcassets; sourceTree = "<group>"; };
		AC1598B72BB478C400D605F9 /* Preview Assets.xcassets */ = {isa = PBXFileReference; lastKnownFileType = folder.assetcatalog; path = "Preview Assets.xcassets"; sourceTree = "<group>"; };
		AC1598DB2BB47D0100D605F9 /* ClassesListView.swift */ = {isa = PBXFileReference; lastKnownFileType = sourcecode.swift; path = ClassesListView.swift; sourceTree = "<group>"; };
		AC1598DF2BB47D5A00D605F9 /* TalentsModel.swift */ = {isa = PBXFileReference; lastKnownFileType = sourcecode.swift; path = TalentsModel.swift; sourceTree = "<group>"; };
		AC1598E82BB49BF300D605F9 /* TalentsTreeView.swift */ = {isa = PBXFileReference; lastKnownFileType = sourcecode.swift; path = TalentsTreeView.swift; sourceTree = "<group>"; };
		AC1598EA2BB49C8A00D605F9 /* TalentGridView.swift */ = {isa = PBXFileReference; lastKnownFileType = sourcecode.swift; path = TalentGridView.swift; sourceTree = "<group>"; };
		AC1598F02BB4A62200D605F9 /* GridViewModel.swift */ = {isa = PBXFileReference; lastKnownFileType = sourcecode.swift; path = GridViewModel.swift; sourceTree = "<group>"; };
		AC1598FA2BB5B89400D605F9 /* druidBalance.json */ = {isa = PBXFileReference; lastKnownFileType = text.json; path = druidBalance.json; sourceTree = "<group>"; };
		AC69D01E2BF25D38006F68C2 /* paladinRetribution.json */ = {isa = PBXFileReference; lastKnownFileType = text.json; path = paladinRetribution.json; sourceTree = "<group>"; };
		AC7BAF9C2BB620FE007883B1 /* TabbarButtonView.swift */ = {isa = PBXFileReference; lastKnownFileType = sourcecode.swift; path = TabbarButtonView.swift; sourceTree = "<group>"; };
		AC7BAF9E2BB63EDC007883B1 /* TalentTreeHeader.swift */ = {isa = PBXFileReference; lastKnownFileType = sourcecode.swift; path = TalentTreeHeader.swift; sourceTree = "<group>"; };
		AC7BAFA02BB64392007883B1 /* CharacterClassesModel.swift */ = {isa = PBXFileReference; lastKnownFileType = sourcecode.swift; path = CharacterClassesModel.swift; sourceTree = "<group>"; };
		AC8D2B2A2BC6B5E300E4A245 /* TalentCell.swift */ = {isa = PBXFileReference; lastKnownFileType = sourcecode.swift; path = TalentCell.swift; sourceTree = "<group>"; };
		AC8D2B2C2BC6C4B500E4A245 /* druidFeral.json */ = {isa = PBXFileReference; lastKnownFileType = text.json; path = druidFeral.json; sourceTree = "<group>"; };
		AC8D2B2E2BC6C4CA00E4A245 /* druidRestoration.json */ = {isa = PBXFileReference; lastKnownFileType = text.json; path = druidRestoration.json; sourceTree = "<group>"; };
		ACA5BE9A2BE274DE00E9AA8A /* paladinHoly.json */ = {isa = PBXFileReference; lastKnownFileType = text.json; path = paladinHoly.json; sourceTree = "<group>"; };
		ACA5BE9E2BE2799800E9AA8A /* paladinProtection.json */ = {isa = PBXFileReference; lastKnownFileType = text.json; path = paladinProtection.json; sourceTree = "<group>"; };
		ACC0CDEC2BCD6C56004EAD40 /* ArrowView.swift */ = {isa = PBXFileReference; lastKnownFileType = sourcecode.swift; path = ArrowView.swift; sourceTree = "<group>"; };
		ACD358A92BF2097B00AA2BB0 /* mageArcane.json */ = {isa = PBXFileReference; lastKnownFileType = text.json; path = mageArcane.json; sourceTree = "<group>"; };
		ACD358AB2BF2098D00AA2BB0 /* mageFire.json */ = {isa = PBXFileReference; lastKnownFileType = text.json; path = mageFire.json; sourceTree = "<group>"; };
		ACD358AD2BF2099D00AA2BB0 /* mageFrost.json */ = {isa = PBXFileReference; lastKnownFileType = text.json; path = mageFrost.json; sourceTree = "<group>"; };
		ACD358AF2BF3BB9E00AA2BB0 /* hunterBeastmastery.json */ = {isa = PBXFileReference; lastKnownFileType = text.json; path = hunterBeastmastery.json; sourceTree = "<group>"; };
/* End PBXFileReference section */

/* Begin PBXFrameworksBuildPhase section */
		AC1598AA2BB478C200D605F9 /* Frameworks */ = {
			isa = PBXFrameworksBuildPhase;
			buildActionMask = 2147483647;
			files = (
			);
			runOnlyForDeploymentPostprocessing = 0;
		};
/* End PBXFrameworksBuildPhase section */

/* Begin PBXGroup section */
		AC1598A42BB478C200D605F9 = {
			isa = PBXGroup;
			children = (
				AC1598AF2BB478C200D605F9 /* Talent Calculator */,
				AC1598AE2BB478C200D605F9 /* Products */,
			);
			sourceTree = "<group>";
		};
		AC1598AE2BB478C200D605F9 /* Products */ = {
			isa = PBXGroup;
			children = (
				AC1598AD2BB478C200D605F9 /* Talent Calculator.app */,
			);
			name = Products;
			sourceTree = "<group>";
		};
		AC1598AF2BB478C200D605F9 /* Talent Calculator */ = {
			isa = PBXGroup;
			children = (
				AC7BAF9B2BB620DF007883B1 /* Components */,
				AC7BAF982BB61BE5007883B1 /* Utilities */,
				AC1598FC2BB5D01400D605F9 /* Data Files */,
				AC1598DA2BB47CEA00D605F9 /* ViewModels */,
				AC1598C22BB47C3B00D605F9 /* Images */,
				AC1598BF2BB47A5700D605F9 /* Views */,
				AC1598BE2BB47A4900D605F9 /* Models */,
				AC1598B02BB478C200D605F9 /* Talent_CalculatorApp.swift */,
				AC1598B62BB478C400D605F9 /* Preview Content */,
			);
			path = "Talent Calculator";
			sourceTree = "<group>";
		};
		AC1598B62BB478C400D605F9 /* Preview Content */ = {
			isa = PBXGroup;
			children = (
				AC1598B72BB478C400D605F9 /* Preview Assets.xcassets */,
			);
			path = "Preview Content";
			sourceTree = "<group>";
		};
		AC1598BE2BB47A4900D605F9 /* Models */ = {
			isa = PBXGroup;
			children = (
				AC1598DF2BB47D5A00D605F9 /* TalentsModel.swift */,
				AC7BAFA02BB64392007883B1 /* CharacterClassesModel.swift */,
			);
			path = Models;
			sourceTree = "<group>";
		};
		AC1598BF2BB47A5700D605F9 /* Views */ = {
			isa = PBXGroup;
			children = (
				AC1598DB2BB47D0100D605F9 /* ClassesListView.swift */,
				AC1598E82BB49BF300D605F9 /* TalentsTreeView.swift */,
				AC1598EA2BB49C8A00D605F9 /* TalentGridView.swift */,
			);
			path = Views;
			sourceTree = "<group>";
		};
		AC1598C22BB47C3B00D605F9 /* Images */ = {
			isa = PBXGroup;
			children = (
				AC1598B42BB478C400D605F9 /* Assets.xcassets */,
			);
			path = Images;
			sourceTree = "<group>";
		};
		AC1598DA2BB47CEA00D605F9 /* ViewModels */ = {
			isa = PBXGroup;
			children = (
				AC1598F02BB4A62200D605F9 /* GridViewModel.swift */,
			);
			path = ViewModels;
			sourceTree = "<group>";
		};
		AC1598FC2BB5D01400D605F9 /* Data Files */ = {
			isa = PBXGroup;
			children = (
				AC1598FA2BB5B89400D605F9 /* druidBalance.json */,
				AC8D2B2C2BC6C4B500E4A245 /* druidFeral.json */,
				AC8D2B2E2BC6C4CA00E4A245 /* druidRestoration.json */,
				ACA5BE9A2BE274DE00E9AA8A /* paladinHoly.json */,
				ACA5BE9E2BE2799800E9AA8A /* paladinProtection.json */,
				AC69D01E2BF25D38006F68C2 /* paladinRetribution.json */,
				ACD358A92BF2097B00AA2BB0 /* mageArcane.json */,
				ACD358AB2BF2098D00AA2BB0 /* mageFire.json */,
				ACD358AD2BF2099D00AA2BB0 /* mageFrost.json */,
				ACD358AF2BF3BB9E00AA2BB0 /* hunterBeastmastery.json */,
			);
			path = "Data Files";
			sourceTree = "<group>";
		};
		AC7BAF982BB61BE5007883B1 /* Utilities */ = {
			isa = PBXGroup;
			children = (
			);
			path = Utilities;
			sourceTree = "<group>";
		};
		AC7BAF9B2BB620DF007883B1 /* Components */ = {
			isa = PBXGroup;
			children = (
				AC7BAF9C2BB620FE007883B1 /* TabbarButtonView.swift */,
				AC7BAF9E2BB63EDC007883B1 /* TalentTreeHeader.swift */,
				AC8D2B2A2BC6B5E300E4A245 /* TalentCell.swift */,
				ACC0CDEC2BCD6C56004EAD40 /* ArrowView.swift */,
			);
			path = Components;
			sourceTree = "<group>";
		};
/* End PBXGroup section */

/* Begin PBXNativeTarget section */
		AC1598AC2BB478C200D605F9 /* Talent Calculator */ = {
			isa = PBXNativeTarget;
			buildConfigurationList = AC1598BB2BB478C400D605F9 /* Build configuration list for PBXNativeTarget "Talent Calculator" */;
			buildPhases = (
				AC1598A92BB478C200D605F9 /* Sources */,
				AC1598AA2BB478C200D605F9 /* Frameworks */,
				AC1598AB2BB478C200D605F9 /* Resources */,
			);
			buildRules = (
			);
			dependencies = (
			);
			name = "Talent Calculator";
			productName = "Talent Calculator";
			productReference = AC1598AD2BB478C200D605F9 /* Talent Calculator.app */;
			productType = "com.apple.product-type.application";
		};
/* End PBXNativeTarget section */

/* Begin PBXProject section */
		AC1598A52BB478C200D605F9 /* Project object */ = {
			isa = PBXProject;
			attributes = {
				BuildIndependentTargetsInParallel = 1;
				LastSwiftUpdateCheck = 1520;
				LastUpgradeCheck = 1520;
				TargetAttributes = {
					AC1598AC2BB478C200D605F9 = {
						CreatedOnToolsVersion = 15.2;
					};
				};
			};
			buildConfigurationList = AC1598A82BB478C200D605F9 /* Build configuration list for PBXProject "Talent Calculator" */;
			compatibilityVersion = "Xcode 14.0";
			developmentRegion = en;
			hasScannedForEncodings = 0;
			knownRegions = (
				en,
				Base,
			);
			mainGroup = AC1598A42BB478C200D605F9;
			productRefGroup = AC1598AE2BB478C200D605F9 /* Products */;
			projectDirPath = "";
			projectRoot = "";
			targets = (
				AC1598AC2BB478C200D605F9 /* Talent Calculator */,
			);
		};
/* End PBXProject section */

/* Begin PBXResourcesBuildPhase section */
		AC1598AB2BB478C200D605F9 /* Resources */ = {
			isa = PBXResourcesBuildPhase;
			buildActionMask = 2147483647;
			files = (
				AC8D2B2D2BC6C4B500E4A245 /* druidFeral.json in Resources */,
				ACA5BE9F2BE2799800E9AA8A /* paladinProtection.json in Resources */,
				ACD358AE2BF2099D00AA2BB0 /* mageFrost.json in Resources */,
				AC1598FB2BB5B89400D605F9 /* druidBalance.json in Resources */,
				ACD358AC2BF2098D00AA2BB0 /* mageFire.json in Resources */,
				ACD358B02BF3BB9E00AA2BB0 /* hunterBeastmastery.json in Resources */,
				ACA5BE9B2BE274DE00E9AA8A /* paladinHoly.json in Resources */,
				AC1598B82BB478C400D605F9 /* Preview Assets.xcassets in Resources */,
				AC8D2B2F2BC6C4CA00E4A245 /* druidRestoration.json in Resources */,
				AC1598B52BB478C400D605F9 /* Assets.xcassets in Resources */,
				ACD358AA2BF2097B00AA2BB0 /* mageArcane.json in Resources */,
				AC69D01F2BF25D38006F68C2 /* paladinRetribution.json in Resources */,
			);
			runOnlyForDeploymentPostprocessing = 0;
		};
/* End PBXResourcesBuildPhase section */

/* Begin PBXSourcesBuildPhase section */
		AC1598A92BB478C200D605F9 /* Sources */ = {
			isa = PBXSourcesBuildPhase;
			buildActionMask = 2147483647;
			files = (
				AC1598E92BB49BF300D605F9 /* TalentsTreeView.swift in Sources */,
				AC1598EB2BB49C8A00D605F9 /* TalentGridView.swift in Sources */,
				AC7BAF9F2BB63EDC007883B1 /* TalentTreeHeader.swift in Sources */,
				AC7BAFA12BB64392007883B1 /* CharacterClassesModel.swift in Sources */,
				AC7BAF9D2BB620FE007883B1 /* TabbarButtonView.swift in Sources */,
				AC1598F12BB4A62200D605F9 /* GridViewModel.swift in Sources */,
				ACC0CDED2BCD6C56004EAD40 /* ArrowView.swift in Sources */,
				AC1598DC2BB47D0100D605F9 /* ClassesListView.swift in Sources */,
				AC8D2B2B2BC6B5E300E4A245 /* TalentCell.swift in Sources */,
				AC1598E02BB47D5A00D605F9 /* TalentsModel.swift in Sources */,
				AC1598B12BB478C200D605F9 /* Talent_CalculatorApp.swift in Sources */,
			);
			runOnlyForDeploymentPostprocessing = 0;
		};
/* End PBXSourcesBuildPhase section */

/* Begin XCBuildConfiguration section */
		AC1598B92BB478C400D605F9 /* Debug */ = {
			isa = XCBuildConfiguration;
			buildSettings = {
				ALWAYS_SEARCH_USER_PATHS = NO;
				ASSETCATALOG_COMPILER_GENERATE_SWIFT_ASSET_SYMBOL_EXTENSIONS = YES;
				CLANG_ANALYZER_NONNULL = YES;
				CLANG_ANALYZER_NUMBER_OBJECT_CONVERSION = YES_AGGRESSIVE;
				CLANG_CXX_LANGUAGE_STANDARD = "gnu++20";
				CLANG_ENABLE_MODULES = YES;
				CLANG_ENABLE_OBJC_ARC = YES;
				CLANG_ENABLE_OBJC_WEAK = YES;
				CLANG_WARN_BLOCK_CAPTURE_AUTORELEASING = YES;
				CLANG_WARN_BOOL_CONVERSION = YES;
				CLANG_WARN_COMMA = YES;
				CLANG_WARN_CONSTANT_CONVERSION = YES;
				CLANG_WARN_DEPRECATED_OBJC_IMPLEMENTATIONS = YES;
				CLANG_WARN_DIRECT_OBJC_ISA_USAGE = YES_ERROR;
				CLANG_WARN_DOCUMENTATION_COMMENTS = YES;
				CLANG_WARN_EMPTY_BODY = YES;
				CLANG_WARN_ENUM_CONVERSION = YES;
				CLANG_WARN_INFINITE_RECURSION = YES;
				CLANG_WARN_INT_CONVERSION = YES;
				CLANG_WARN_NON_LITERAL_NULL_CONVERSION = YES;
				CLANG_WARN_OBJC_IMPLICIT_RETAIN_SELF = YES;
				CLANG_WARN_OBJC_LITERAL_CONVERSION = YES;
				CLANG_WARN_OBJC_ROOT_CLASS = YES_ERROR;
				CLANG_WARN_QUOTED_INCLUDE_IN_FRAMEWORK_HEADER = YES;
				CLANG_WARN_RANGE_LOOP_ANALYSIS = YES;
				CLANG_WARN_STRICT_PROTOTYPES = YES;
				CLANG_WARN_SUSPICIOUS_MOVE = YES;
				CLANG_WARN_UNGUARDED_AVAILABILITY = YES_AGGRESSIVE;
				CLANG_WARN_UNREACHABLE_CODE = YES;
				CLANG_WARN__DUPLICATE_METHOD_MATCH = YES;
				COPY_PHASE_STRIP = NO;
				DEBUG_INFORMATION_FORMAT = dwarf;
				ENABLE_STRICT_OBJC_MSGSEND = YES;
				ENABLE_TESTABILITY = YES;
				ENABLE_USER_SCRIPT_SANDBOXING = YES;
				GCC_C_LANGUAGE_STANDARD = gnu17;
				GCC_DYNAMIC_NO_PIC = NO;
				GCC_NO_COMMON_BLOCKS = YES;
				GCC_OPTIMIZATION_LEVEL = 0;
				GCC_PREPROCESSOR_DEFINITIONS = (
					"DEBUG=1",
					"$(inherited)",
				);
				GCC_WARN_64_TO_32_BIT_CONVERSION = YES;
				GCC_WARN_ABOUT_RETURN_TYPE = YES_ERROR;
				GCC_WARN_UNDECLARED_SELECTOR = YES;
				GCC_WARN_UNINITIALIZED_AUTOS = YES_AGGRESSIVE;
				GCC_WARN_UNUSED_FUNCTION = YES;
				GCC_WARN_UNUSED_VARIABLE = YES;
				IPHONEOS_DEPLOYMENT_TARGET = 17.2;
				LOCALIZATION_PREFERS_STRING_CATALOGS = YES;
				MTL_ENABLE_DEBUG_INFO = INCLUDE_SOURCE;
				MTL_FAST_MATH = YES;
				ONLY_ACTIVE_ARCH = YES;
				SDKROOT = iphoneos;
				SWIFT_ACTIVE_COMPILATION_CONDITIONS = "DEBUG $(inherited)";
				SWIFT_OPTIMIZATION_LEVEL = "-Onone";
			};
			name = Debug;
		};
		AC1598BA2BB478C400D605F9 /* Release */ = {
			isa = XCBuildConfiguration;
			buildSettings = {
				ALWAYS_SEARCH_USER_PATHS = NO;
				ASSETCATALOG_COMPILER_GENERATE_SWIFT_ASSET_SYMBOL_EXTENSIONS = YES;
				CLANG_ANALYZER_NONNULL = YES;
				CLANG_ANALYZER_NUMBER_OBJECT_CONVERSION = YES_AGGRESSIVE;
				CLANG_CXX_LANGUAGE_STANDARD = "gnu++20";
				CLANG_ENABLE_MODULES = YES;
				CLANG_ENABLE_OBJC_ARC = YES;
				CLANG_ENABLE_OBJC_WEAK = YES;
				CLANG_WARN_BLOCK_CAPTURE_AUTORELEASING = YES;
				CLANG_WARN_BOOL_CONVERSION = YES;
				CLANG_WARN_COMMA = YES;
				CLANG_WARN_CONSTANT_CONVERSION = YES;
				CLANG_WARN_DEPRECATED_OBJC_IMPLEMENTATIONS = YES;
				CLANG_WARN_DIRECT_OBJC_ISA_USAGE = YES_ERROR;
				CLANG_WARN_DOCUMENTATION_COMMENTS = YES;
				CLANG_WARN_EMPTY_BODY = YES;
				CLANG_WARN_ENUM_CONVERSION = YES;
				CLANG_WARN_INFINITE_RECURSION = YES;
				CLANG_WARN_INT_CONVERSION = YES;
				CLANG_WARN_NON_LITERAL_NULL_CONVERSION = YES;
				CLANG_WARN_OBJC_IMPLICIT_RETAIN_SELF = YES;
				CLANG_WARN_OBJC_LITERAL_CONVERSION = YES;
				CLANG_WARN_OBJC_ROOT_CLASS = YES_ERROR;
				CLANG_WARN_QUOTED_INCLUDE_IN_FRAMEWORK_HEADER = YES;
				CLANG_WARN_RANGE_LOOP_ANALYSIS = YES;
				CLANG_WARN_STRICT_PROTOTYPES = YES;
				CLANG_WARN_SUSPICIOUS_MOVE = YES;
				CLANG_WARN_UNGUARDED_AVAILABILITY = YES_AGGRESSIVE;
				CLANG_WARN_UNREACHABLE_CODE = YES;
				CLANG_WARN__DUPLICATE_METHOD_MATCH = YES;
				COPY_PHASE_STRIP = NO;
				DEBUG_INFORMATION_FORMAT = "dwarf-with-dsym";
				ENABLE_NS_ASSERTIONS = NO;
				ENABLE_STRICT_OBJC_MSGSEND = YES;
				ENABLE_USER_SCRIPT_SANDBOXING = YES;
				GCC_C_LANGUAGE_STANDARD = gnu17;
				GCC_NO_COMMON_BLOCKS = YES;
				GCC_WARN_64_TO_32_BIT_CONVERSION = YES;
				GCC_WARN_ABOUT_RETURN_TYPE = YES_ERROR;
				GCC_WARN_UNDECLARED_SELECTOR = YES;
				GCC_WARN_UNINITIALIZED_AUTOS = YES_AGGRESSIVE;
				GCC_WARN_UNUSED_FUNCTION = YES;
				GCC_WARN_UNUSED_VARIABLE = YES;
				IPHONEOS_DEPLOYMENT_TARGET = 17.2;
				LOCALIZATION_PREFERS_STRING_CATALOGS = YES;
				MTL_ENABLE_DEBUG_INFO = NO;
				MTL_FAST_MATH = YES;
				SDKROOT = iphoneos;
				SWIFT_COMPILATION_MODE = wholemodule;
				VALIDATE_PRODUCT = YES;
			};
			name = Release;
		};
		AC1598BC2BB478C400D605F9 /* Debug */ = {
			isa = XCBuildConfiguration;
			buildSettings = {
				ASSETCATALOG_COMPILER_APPICON_NAME = AppIcon;
				ASSETCATALOG_COMPILER_GLOBAL_ACCENT_COLOR_NAME = AccentColor;
				CODE_SIGN_STYLE = Automatic;
				CURRENT_PROJECT_VERSION = 1;
				DEVELOPMENT_ASSET_PATHS = "\"Talent Calculator/Preview Content\"";
				DEVELOPMENT_TEAM = S5RNXZGRV7;
				ENABLE_PREVIEWS = YES;
				GENERATE_INFOPLIST_FILE = YES;
				INFOPLIST_KEY_UIApplicationSceneManifest_Generation = YES;
				INFOPLIST_KEY_UIApplicationSupportsIndirectInputEvents = YES;
				INFOPLIST_KEY_UILaunchScreen_Generation = YES;
				INFOPLIST_KEY_UIStatusBarStyle = UIStatusBarStyleDarkContent;
				INFOPLIST_KEY_UISupportedInterfaceOrientations = UIInterfaceOrientationPortrait;
				IPHONEOS_DEPLOYMENT_TARGET = 17.2;
				LD_RUNPATH_SEARCH_PATHS = (
					"$(inherited)",
					"@executable_path/Frameworks",
				);
				MARKETING_VERSION = 1.0;
				PRODUCT_BUNDLE_IDENTIFIER = "hidaha.com.Talent-Calculator";
				PRODUCT_NAME = "$(TARGET_NAME)";
				SWIFT_EMIT_LOC_STRINGS = YES;
				SWIFT_VERSION = 5.0;
				TARGETED_DEVICE_FAMILY = "1,2";
			};
			name = Debug;
		};
		AC1598BD2BB478C400D605F9 /* Release */ = {
			isa = XCBuildConfiguration;
			buildSettings = {
				ASSETCATALOG_COMPILER_APPICON_NAME = AppIcon;
				ASSETCATALOG_COMPILER_GLOBAL_ACCENT_COLOR_NAME = AccentColor;
				CODE_SIGN_STYLE = Automatic;
				CURRENT_PROJECT_VERSION = 1;
				DEVELOPMENT_ASSET_PATHS = "\"Talent Calculator/Preview Content\"";
				DEVELOPMENT_TEAM = S5RNXZGRV7;
				ENABLE_PREVIEWS = YES;
				GENERATE_INFOPLIST_FILE = YES;
				INFOPLIST_KEY_UIApplicationSceneManifest_Generation = YES;
				INFOPLIST_KEY_UIApplicationSupportsIndirectInputEvents = YES;
				INFOPLIST_KEY_UILaunchScreen_Generation = YES;
				INFOPLIST_KEY_UIStatusBarStyle = UIStatusBarStyleDarkContent;
				INFOPLIST_KEY_UISupportedInterfaceOrientations = UIInterfaceOrientationPortrait;
				IPHONEOS_DEPLOYMENT_TARGET = 17.2;
				LD_RUNPATH_SEARCH_PATHS = (
					"$(inherited)",
					"@executable_path/Frameworks",
				);
				MARKETING_VERSION = 1.0;
				PRODUCT_BUNDLE_IDENTIFIER = "hidaha.com.Talent-Calculator";
				PRODUCT_NAME = "$(TARGET_NAME)";
				SWIFT_EMIT_LOC_STRINGS = YES;
				SWIFT_VERSION = 5.0;
				TARGETED_DEVICE_FAMILY = "1,2";
			};
			name = Release;
		};
/* End XCBuildConfiguration section */

/* Begin XCConfigurationList section */
		AC1598A82BB478C200D605F9 /* Build configuration list for PBXProject "Talent Calculator" */ = {
			isa = XCConfigurationList;
			buildConfigurations = (
				AC1598B92BB478C400D605F9 /* Debug */,
				AC1598BA2BB478C400D605F9 /* Release */,
			);
			defaultConfigurationIsVisible = 0;
			defaultConfigurationName = Release;
		};
		AC1598BB2BB478C400D605F9 /* Build configuration list for PBXNativeTarget "Talent Calculator" */ = {
			isa = XCConfigurationList;
			buildConfigurations = (
				AC1598BC2BB478C400D605F9 /* Debug */,
				AC1598BD2BB478C400D605F9 /* Release */,
			);
			defaultConfigurationIsVisible = 0;
			defaultConfigurationName = Release;
		};
/* End XCConfigurationList section */
	};
	rootObject = AC1598A52BB478C200D605F9 /* Project object */;
}
