// !$*UTF8*$!
{
	archiveVersion = 1;
	classes = {
	};
	objectVersion = 56;
	objects = {

/* Begin PBXBuildFile section */
		8CC576412C0E7D8F00A58EBD /* ArrowCalculations.swift in Sources */ = {isa = PBXBuildFile; fileRef = 8CC576402C0E7D8F00A58EBD /* ArrowCalculations.swift */; };
		AC1598B12BB478C200D605F9 /* Talent_CalculatorApp.swift in Sources */ = {isa = PBXBuildFile; fileRef = AC1598B02BB478C200D605F9 /* Talent_CalculatorApp.swift */; };
		AC1598B52BB478C400D605F9 /* Assets.xcassets in Resources */ = {isa = PBXBuildFile; fileRef = AC1598B42BB478C400D605F9 /* Assets.xcassets */; };
		AC1598B82BB478C400D605F9 /* Preview Assets.xcassets in Resources */ = {isa = PBXBuildFile; fileRef = AC1598B72BB478C400D605F9 /* Preview Assets.xcassets */; };
		AC1598DC2BB47D0100D605F9 /* ClassesListView.swift in Sources */ = {isa = PBXBuildFile; fileRef = AC1598DB2BB47D0100D605F9 /* ClassesListView.swift */; };
		AC1598E02BB47D5A00D605F9 /* TalentsModel.swift in Sources */ = {isa = PBXBuildFile; fileRef = AC1598DF2BB47D5A00D605F9 /* TalentsModel.swift */; };
		AC1598E92BB49BF300D605F9 /* TalentsTreeView.swift in Sources */ = {isa = PBXBuildFile; fileRef = AC1598E82BB49BF300D605F9 /* TalentsTreeView.swift */; };
		AC1598EB2BB49C8A00D605F9 /* TalentGridView.swift in Sources */ = {isa = PBXBuildFile; fileRef = AC1598EA2BB49C8A00D605F9 /* TalentGridView.swift */; };
		AC1598F12BB4A62200D605F9 /* GridViewModel.swift in Sources */ = {isa = PBXBuildFile; fileRef = AC1598F02BB4A62200D605F9 /* GridViewModel.swift */; };
		AC1598FB2BB5B89400D605F9 /* druidBalance.json in Resources */ = {isa = PBXBuildFile; fileRef = AC1598FA2BB5B89400D605F9 /* druidBalance.json */; };
		AC69D01F2BF25D38006F68C2 /* paladinRetribution.json in Resources */ = {isa = PBXBuildFile; fileRef = AC69D01E2BF25D38006F68C2 /* paladinRetribution.json */; };
		AC7BAF9D2BB620FE007883B1 /* TabbarButtonView.swift in Sources */ = {isa = PBXBuildFile; fileRef = AC7BAF9C2BB620FE007883B1 /* TabbarButtonView.swift */; };
		AC7BAFA12BB64392007883B1 /* CharacterClassesModel.swift in Sources */ = {isa = PBXBuildFile; fileRef = AC7BAFA02BB64392007883B1 /* CharacterClassesModel.swift */; };
		AC8D2B2B2BC6B5E300E4A245 /* TalentCell.swift in Sources */ = {isa = PBXBuildFile; fileRef = AC8D2B2A2BC6B5E300E4A245 /* TalentCell.swift */; };
		AC8D2B2D2BC6C4B500E4A245 /* druidFeral.json in Resources */ = {isa = PBXBuildFile; fileRef = AC8D2B2C2BC6C4B500E4A245 /* druidFeral.json */; };
		AC8D2B2F2BC6C4CA00E4A245 /* druidRestoration.json in Resources */ = {isa = PBXBuildFile; fileRef = AC8D2B2E2BC6C4CA00E4A245 /* druidRestoration.json */; };
		ACA5BE9B2BE274DE00E9AA8A /* paladinHoly.json in Resources */ = {isa = PBXBuildFile; fileRef = ACA5BE9A2BE274DE00E9AA8A /* paladinHoly.json */; };
		ACA5BE9F2BE2799800E9AA8A /* paladinProtection.json in Resources */ = {isa = PBXBuildFile; fileRef = ACA5BE9E2BE2799800E9AA8A /* paladinProtection.json */; };
		ACD2B7D32C10A9F90045ED72 /* warlockAffliction.json in Resources */ = {isa = PBXBuildFile; fileRef = ACD2B7D22C10A9F90045ED72 /* warlockAffliction.json */; };
		ACD2B7D52C10ACEB0045ED72 /* warlockDemonology.json in Resources */ = {isa = PBXBuildFile; fileRef = ACD2B7D42C10ACEB0045ED72 /* warlockDemonology.json */; };
		ACD2B7D72C10C3840045ED72 /* warlockDestruction.json in Resources */ = {isa = PBXBuildFile; fileRef = ACD2B7D62C10C3840045ED72 /* warlockDestruction.json */; };
		ACD358AA2BF2097B00AA2BB0 /* mageArcane.json in Resources */ = {isa = PBXBuildFile; fileRef = ACD358A92BF2097B00AA2BB0 /* mageArcane.json */; };
		ACD358AC2BF2098D00AA2BB0 /* mageFire.json in Resources */ = {isa = PBXBuildFile; fileRef = ACD358AB2BF2098D00AA2BB0 /* mageFire.json */; };
		ACD358AE2BF2099D00AA2BB0 /* mageFrost.json in Resources */ = {isa = PBXBuildFile; fileRef = ACD358AD2BF2099D00AA2BB0 /* mageFrost.json */; };
		ACD358B02BF3BB9E00AA2BB0 /* hunterBeastMastery.json in Resources */ = {isa = PBXBuildFile; fileRef = ACD358AF2BF3BB9E00AA2BB0 /* hunterBeastMastery.json */; };
		ACE1B5912C110EDC00ADFD2C /* HomeView.swift in Sources */ = {isa = PBXBuildFile; fileRef = ACE1B5902C110EDC00ADFD2C /* HomeView.swift */; };
		ACE1B5932C11142600ADFD2C /* CustomNavigationLink.swift in Sources */ = {isa = PBXBuildFile; fileRef = ACE1B5922C11142600ADFD2C /* CustomNavigationLink.swift */; };
		ACE1B5952C11145500ADFD2C /* LoadingTalentView.swift in Sources */ = {isa = PBXBuildFile; fileRef = ACE1B5942C11145500ADFD2C /* LoadingTalentView.swift */; };
		ACE1B5972C11147100ADFD2C /* LoadingCommunityBuilds.swift in Sources */ = {isa = PBXBuildFile; fileRef = ACE1B5962C11147100ADFD2C /* LoadingCommunityBuilds.swift */; };
		ACE97D492BF4A90000A66BE5 /* warriorArms.json in Resources */ = {isa = PBXBuildFile; fileRef = ACE97D482BF4A90000A66BE5 /* warriorArms.json */; };
		ACE97D4B2BF4B34700A66BE5 /* warriorFury.json in Resources */ = {isa = PBXBuildFile; fileRef = ACE97D4A2BF4B34700A66BE5 /* warriorFury.json */; };
		ACE97D4D2BF4B8A400A66BE5 /* warriorProtection.json in Resources */ = {isa = PBXBuildFile; fileRef = ACE97D4C2BF4B8A300A66BE5 /* warriorProtection.json */; };
		ACE97D4F2BF6049800A66BE5 /* rogueAssassination.json in Resources */ = {isa = PBXBuildFile; fileRef = ACE97D4E2BF6049800A66BE5 /* rogueAssassination.json */; };
		ACE97D512BF604B300A66BE5 /* rogueCombat.json in Resources */ = {isa = PBXBuildFile; fileRef = ACE97D502BF604B300A66BE5 /* rogueCombat.json */; };
		ACE97D532BF604CC00A66BE5 /* rogueSubtlety.json in Resources */ = {isa = PBXBuildFile; fileRef = ACE97D522BF604CC00A66BE5 /* rogueSubtlety.json */; };
		ACE97D5E2C04883B00A66BE5 /* priestDiscipline.json in Resources */ = {isa = PBXBuildFile; fileRef = ACE97D5D2C04883A00A66BE5 /* priestDiscipline.json */; };
		ACE97D602C04884E00A66BE5 /* priestHoly.json in Resources */ = {isa = PBXBuildFile; fileRef = ACE97D5F2C04884E00A66BE5 /* priestHoly.json */; };
		ACE97D622C04885A00A66BE5 /* priestShadow.json in Resources */ = {isa = PBXBuildFile; fileRef = ACE97D612C04885A00A66BE5 /* priestShadow.json */; };
		ACE97D662C04897D00A66BE5 /* hunterMarksmanship.json in Resources */ = {isa = PBXBuildFile; fileRef = ACE97D652C04897D00A66BE5 /* hunterMarksmanship.json */; };
		ACE97D682C04898D00A66BE5 /* hunterSurvival.json in Resources */ = {isa = PBXBuildFile; fileRef = ACE97D672C04898D00A66BE5 /* hunterSurvival.json */; };
/* End PBXBuildFile section */

/* Begin PBXFileReference section */
		8CC576402C0E7D8F00A58EBD /* ArrowCalculations.swift */ = {isa = PBXFileReference; lastKnownFileType = sourcecode.swift; path = ArrowCalculations.swift; sourceTree = "<group>"; };
		AC1598AD2BB478C200D605F9 /* Talent Calculator.app */ = {isa = PBXFileReference; explicitFileType = wrapper.application; includeInIndex = 0; path = "Talent Calculator.app"; sourceTree = BUILT_PRODUCTS_DIR; };
		AC1598B02BB478C200D605F9 /* Talent_CalculatorApp.swift */ = {isa = PBXFileReference; lastKnownFileType = sourcecode.swift; path = Talent_CalculatorApp.swift; sourceTree = "<group>"; };
		AC1598B42BB478C400D605F9 /* Assets.xcassets */ = {isa = PBXFileReference; lastKnownFileType = folder.assetcatalog; path = Assets.xcassets; sourceTree = "<group>"; };
		AC1598B72BB478C400D605F9 /* Preview Assets.xcassets */ = {isa = PBXFileReference; lastKnownFileType = folder.assetcatalog; path = "Preview Assets.xcassets"; sourceTree = "<group>"; };
		AC1598DB2BB47D0100D605F9 /* ClassesListView.swift */ = {isa = PBXFileReference; lastKnownFileType = sourcecode.swift; path = ClassesListView.swift; sourceTree = "<group>"; };
		AC1598DF2BB47D5A00D605F9 /* TalentsModel.swift */ = {isa = PBXFileReference; lastKnownFileType = sourcecode.swift; path = TalentsModel.swift; sourceTree = "<group>"; };
		AC1598E82BB49BF300D605F9 /* TalentsTreeView.swift */ = {isa = PBXFileReference; lastKnownFileType = sourcecode.swift; path = TalentsTreeView.swift; sourceTree = "<group>"; };
		AC1598EA2BB49C8A00D605F9 /* TalentGridView.swift */ = {isa = PBXFileReference; lastKnownFileType = sourcecode.swift; path = TalentGridView.swift; sourceTree = "<group>"; };
		AC1598F02BB4A62200D605F9 /* GridViewModel.swift */ = {isa = PBXFileReference; lastKnownFileType = sourcecode.swift; path = GridViewModel.swift; sourceTree = "<group>"; };
		AC1598FA2BB5B89400D605F9 /* druidBalance.json */ = {isa = PBXFileReference; lastKnownFileType = text.json; path = druidBalance.json; sourceTree = "<group>"; };
		AC69D01E2BF25D38006F68C2 /* paladinRetribution.json */ = {isa = PBXFileReference; lastKnownFileType = text.json; path = paladinRetribution.json; sourceTree = "<group>"; };
		AC7BAF9C2BB620FE007883B1 /* TabbarButtonView.swift */ = {isa = PBXFileReference; lastKnownFileType = sourcecode.swift; path = TabbarButtonView.swift; sourceTree = "<group>"; };
		AC7BAFA02BB64392007883B1 /* CharacterClassesModel.swift */ = {isa = PBXFileReference; lastKnownFileType = sourcecode.swift; path = CharacterClassesModel.swift; sourceTree = "<group>"; };
		AC8D2B2A2BC6B5E300E4A245 /* TalentCell.swift */ = {isa = PBXFileReference; lastKnownFileType = sourcecode.swift; path = TalentCell.swift; sourceTree = "<group>"; };
		AC8D2B2C2BC6C4B500E4A245 /* druidFeral.json */ = {isa = PBXFileReference; lastKnownFileType = text.json; path = druidFeral.json; sourceTree = "<group>"; };
		AC8D2B2E2BC6C4CA00E4A245 /* druidRestoration.json */ = {isa = PBXFileReference; lastKnownFileType = text.json; path = druidRestoration.json; sourceTree = "<group>"; };
		ACA5BE9A2BE274DE00E9AA8A /* paladinHoly.json */ = {isa = PBXFileReference; lastKnownFileType = text.json; path = paladinHoly.json; sourceTree = "<group>"; };
		ACA5BE9E2BE2799800E9AA8A /* paladinProtection.json */ = {isa = PBXFileReference; lastKnownFileType = text.json; path = paladinProtection.json; sourceTree = "<group>"; };
		ACD2B7D22C10A9F90045ED72 /* warlockAffliction.json */ = {isa = PBXFileReference; lastKnownFileType = text.json; path = warlockAffliction.json; sourceTree = "<group>"; };
		ACD2B7D42C10ACEB0045ED72 /* warlockDemonology.json */ = {isa = PBXFileReference; lastKnownFileType = text.json; path = warlockDemonology.json; sourceTree = "<group>"; };
		ACD2B7D62C10C3840045ED72 /* warlockDestruction.json */ = {isa = PBXFileReference; lastKnownFileType = text.json; path = warlockDestruction.json; sourceTree = "<group>"; };
		ACD358A92BF2097B00AA2BB0 /* mageArcane.json */ = {isa = PBXFileReference; lastKnownFileType = text.json; path = mageArcane.json; sourceTree = "<group>"; };
		ACD358AB2BF2098D00AA2BB0 /* mageFire.json */ = {isa = PBXFileReference; lastKnownFileType = text.json; path = mageFire.json; sourceTree = "<group>"; };
		ACD358AD2BF2099D00AA2BB0 /* mageFrost.json */ = {isa = PBXFileReference; lastKnownFileType = text.json; path = mageFrost.json; sourceTree = "<group>"; };
		ACD358AF2BF3BB9E00AA2BB0 /* hunterBeastMastery.json */ = {isa = PBXFileReference; lastKnownFileType = text.json; path = hunterBeastMastery.json; sourceTree = "<group>"; };
		ACE1B5902C110EDC00ADFD2C /* HomeView.swift */ = {isa = PBXFileReference; lastKnownFileType = sourcecode.swift; path = HomeView.swift; sourceTree = "<group>"; };
		ACE1B5922C11142600ADFD2C /* CustomNavigationLink.swift */ = {isa = PBXFileReference; lastKnownFileType = sourcecode.swift; path = CustomNavigationLink.swift; sourceTree = "<group>"; };
		ACE1B5942C11145500ADFD2C /* LoadingTalentView.swift */ = {isa = PBXFileReference; lastKnownFileType = sourcecode.swift; path = LoadingTalentView.swift; sourceTree = "<group>"; };
		ACE1B5962C11147100ADFD2C /* LoadingCommunityBuilds.swift */ = {isa = PBXFileReference; lastKnownFileType = sourcecode.swift; path = LoadingCommunityBuilds.swift; sourceTree = "<group>"; };
		ACE97D482BF4A90000A66BE5 /* warriorArms.json */ = {isa = PBXFileReference; fileEncoding = 4; lastKnownFileType = text.json; path = warriorArms.json; sourceTree = "<group>"; };
		ACE97D4A2BF4B34700A66BE5 /* warriorFury.json */ = {isa = PBXFileReference; fileEncoding = 4; lastKnownFileType = text.json; path = warriorFury.json; sourceTree = "<group>"; };
		ACE97D4C2BF4B8A300A66BE5 /* warriorProtection.json */ = {isa = PBXFileReference; fileEncoding = 4; lastKnownFileType = text.json; path = warriorProtection.json; sourceTree = "<group>"; };
		ACE97D4E2BF6049800A66BE5 /* rogueAssassination.json */ = {isa = PBXFileReference; lastKnownFileType = text.json; path = rogueAssassination.json; sourceTree = "<group>"; };
		ACE97D502BF604B300A66BE5 /* rogueCombat.json */ = {isa = PBXFileReference; lastKnownFileType = text.json; path = rogueCombat.json; sourceTree = "<group>"; };
		ACE97D522BF604CC00A66BE5 /* rogueSubtlety.json */ = {isa = PBXFileReference; lastKnownFileType = text.json; path = rogueSubtlety.json; sourceTree = "<group>"; };
		ACE97D5D2C04883A00A66BE5 /* priestDiscipline.json */ = {isa = PBXFileReference; lastKnownFileType = text.json; path = priestDiscipline.json; sourceTree = "<group>"; };
		ACE97D5F2C04884E00A66BE5 /* priestHoly.json */ = {isa = PBXFileReference; lastKnownFileType = text.json; path = priestHoly.json; sourceTree = "<group>"; };
		ACE97D612C04885A00A66BE5 /* priestShadow.json */ = {isa = PBXFileReference; lastKnownFileType = text.json; path = priestShadow.json; sourceTree = "<group>"; };
		ACE97D652C04897D00A66BE5 /* hunterMarksmanship.json */ = {isa = PBXFileReference; lastKnownFileType = text.json; path = hunterMarksmanship.json; sourceTree = "<group>"; };
		ACE97D672C04898D00A66BE5 /* hunterSurvival.json */ = {isa = PBXFileReference; lastKnownFileType = text.json; path = hunterSurvival.json; sourceTree = "<group>"; };
/* End PBXFileReference section */

/* Begin PBXFrameworksBuildPhase section */
		AC1598AA2BB478C200D605F9 /* Frameworks */ = {
			isa = PBXFrameworksBuildPhase;
			buildActionMask = 2147483647;
			files = (
			);
			runOnlyForDeploymentPostprocessing = 0;
		};
/* End PBXFrameworksBuildPhase section */

/* Begin PBXGroup section */
		AC1598A42BB478C200D605F9 = {
			isa = PBXGroup;
			children = (
				AC1598AF2BB478C200D605F9 /* Talent Calculator */,
				AC1598AE2BB478C200D605F9 /* Products */,
			);
			sourceTree = "<group>";
		};
		AC1598AE2BB478C200D605F9 /* Products */ = {
			isa = PBXGroup;
			children = (
				AC1598AD2BB478C200D605F9 /* Talent Calculator.app */,
			);
			name = Products;
			sourceTree = "<group>";
		};
		AC1598AF2BB478C200D605F9 /* Talent Calculator */ = {
			isa = PBXGroup;
			children = (
				AC7BAF9B2BB620DF007883B1 /* Components */,
				AC7BAF982BB61BE5007883B1 /* Utilities */,
				AC1598FC2BB5D01400D605F9 /* Data Files */,
				AC1598DA2BB47CEA00D605F9 /* ViewModels */,
				AC1598BF2BB47A5700D605F9 /* Views */,
				AC1598BE2BB47A4900D605F9 /* Models */,
				AC1598B02BB478C200D605F9 /* Talent_CalculatorApp.swift */,
				AC1598C22BB47C3B00D605F9 /* Images */,
				AC1598B62BB478C400D605F9 /* Preview Content */,
			);
			path = "Talent Calculator";
			sourceTree = "<group>";
		};
		AC1598B62BB478C400D605F9 /* Preview Content */ = {
			isa = PBXGroup;
			children = (
				AC1598B72BB478C400D605F9 /* Preview Assets.xcassets */,
			);
			path = "Preview Content";
			sourceTree = "<group>";
		};
		AC1598BE2BB47A4900D605F9 /* Models */ = {
			isa = PBXGroup;
			children = (
				AC1598DF2BB47D5A00D605F9 /* TalentsModel.swift */,
				AC7BAFA02BB64392007883B1 /* CharacterClassesModel.swift */,
			);
			path = Models;
			sourceTree = "<group>";
		};
		AC1598BF2BB47A5700D605F9 /* Views */ = {
			isa = PBXGroup;
			children = (
				AC1598DB2BB47D0100D605F9 /* ClassesListView.swift */,
				AC1598E82BB49BF300D605F9 /* TalentsTreeView.swift */,
				AC1598EA2BB49C8A00D605F9 /* TalentGridView.swift */,
				ACE1B5902C110EDC00ADFD2C /* HomeView.swift */,
				ACE1B5942C11145500ADFD2C /* LoadingTalentView.swift */,
				ACE1B5962C11147100ADFD2C /* LoadingCommunityBuilds.swift */,
			);
			path = Views;
			sourceTree = "<group>";
		};
		AC1598C22BB47C3B00D605F9 /* Images */ = {
			isa = PBXGroup;
			children = (
				AC1598B42BB478C400D605F9 /* Assets.xcassets */,
			);
			path = Images;
			sourceTree = "<group>";
		};
		AC1598DA2BB47CEA00D605F9 /* ViewModels */ = {
			isa = PBXGroup;
			children = (
				AC1598F02BB4A62200D605F9 /* GridViewModel.swift */,
			);
			path = ViewModels;
			sourceTree = "<group>";
		};
		AC1598FC2BB5D01400D605F9 /* Data Files */ = {
			isa = PBXGroup;
			children = (
				ACE97D5C2BF6067300A66BE5 /* Hunter */,
				ACE97D5B2BF6066C00A66BE5 /* Warlock */,
				ACE97D5A2BF6066200A66BE5 /* Paladin */,
				ACE97D592BF6065D00A66BE5 /* Rogue */,
				ACE97D582BF6065700A66BE5 /* Shaman */,
				ACE97D572BF6065200A66BE5 /* Mage */,
				ACE97D562BF6064C00A66BE5 /* Priest */,
				ACE97D552BF6064600A66BE5 /* Druid */,
				ACE97D542BF6063C00A66BE5 /* Warrior */,
			);
			path = "Data Files";
			sourceTree = "<group>";
		};
		AC7BAF982BB61BE5007883B1 /* Utilities */ = {
			isa = PBXGroup;
			children = (
				8CC576402C0E7D8F00A58EBD /* ArrowCalculations.swift */,
			);
			path = Utilities;
			sourceTree = "<group>";
		};
		AC7BAF9B2BB620DF007883B1 /* Components */ = {
			isa = PBXGroup;
			children = (
				AC7BAF9C2BB620FE007883B1 /* TabbarButtonView.swift */,
				AC8D2B2A2BC6B5E300E4A245 /* TalentCell.swift */,
				ACE1B5922C11142600ADFD2C /* CustomNavigationLink.swift */,
			);
			path = Components;
			sourceTree = "<group>";
		};
		ACE97D542BF6063C00A66BE5 /* Warrior */ = {
			isa = PBXGroup;
			children = (
				ACE97D4A2BF4B34700A66BE5 /* warriorFury.json */,
				ACE97D4C2BF4B8A300A66BE5 /* warriorProtection.json */,
				ACE97D482BF4A90000A66BE5 /* warriorArms.json */,
			);
			path = Warrior;
			sourceTree = "<group>";
		};
		ACE97D552BF6064600A66BE5 /* Druid */ = {
			isa = PBXGroup;
			children = (
				AC8D2B2C2BC6C4B500E4A245 /* druidFeral.json */,
				AC1598FA2BB5B89400D605F9 /* druidBalance.json */,
				AC8D2B2E2BC6C4CA00E4A245 /* druidRestoration.json */,
			);
			path = Druid;
			sourceTree = "<group>";
		};
		ACE97D562BF6064C00A66BE5 /* Priest */ = {
			isa = PBXGroup;
			children = (
				ACE97D5D2C04883A00A66BE5 /* priestDiscipline.json */,
				ACE97D5F2C04884E00A66BE5 /* priestHoly.json */,
				ACE97D612C04885A00A66BE5 /* priestShadow.json */,
			);
			path = Priest;
			sourceTree = "<group>";
		};
		ACE97D572BF6065200A66BE5 /* Mage */ = {
			isa = PBXGroup;
			children = (
				ACD358A92BF2097B00AA2BB0 /* mageArcane.json */,
				ACD358AB2BF2098D00AA2BB0 /* mageFire.json */,
				ACD358AD2BF2099D00AA2BB0 /* mageFrost.json */,
			);
			path = Mage;
			sourceTree = "<group>";
		};
		ACE97D582BF6065700A66BE5 /* Shaman */ = {
			isa = PBXGroup;
			children = (
			);
			path = Shaman;
			sourceTree = "<group>";
		};
		ACE97D592BF6065D00A66BE5 /* Rogue */ = {
			isa = PBXGroup;
			children = (
				ACE97D4E2BF6049800A66BE5 /* rogueAssassination.json */,
				ACE97D522BF604CC00A66BE5 /* rogueSubtlety.json */,
				ACE97D502BF604B300A66BE5 /* rogueCombat.json */,
			);
			path = Rogue;
			sourceTree = "<group>";
		};
		ACE97D5A2BF6066200A66BE5 /* Paladin */ = {
			isa = PBXGroup;
			children = (
				ACA5BE9A2BE274DE00E9AA8A /* paladinHoly.json */,
				AC69D01E2BF25D38006F68C2 /* paladinRetribution.json */,
				ACA5BE9E2BE2799800E9AA8A /* paladinProtection.json */,
			);
			path = Paladin;
			sourceTree = "<group>";
		};
		ACE97D5B2BF6066C00A66BE5 /* Warlock */ = {
			isa = PBXGroup;
			children = (
				ACD2B7D22C10A9F90045ED72 /* warlockAffliction.json */,
				ACD2B7D42C10ACEB0045ED72 /* warlockDemonology.json */,
				ACD2B7D62C10C3840045ED72 /* warlockDestruction.json */,
			);
			path = Warlock;
			sourceTree = "<group>";
		};
		ACE97D5C2BF6067300A66BE5 /* Hunter */ = {
			isa = PBXGroup;
			children = (
				ACD358AF2BF3BB9E00AA2BB0 /* hunterBeastMastery.json */,
				ACE97D652C04897D00A66BE5 /* hunterMarksmanship.json */,
				ACE97D672C04898D00A66BE5 /* hunterSurvival.json */,
			);
			path = Hunter;
			sourceTree = "<group>";
		};
/* End PBXGroup section */

/* Begin PBXNativeTarget section */
		AC1598AC2BB478C200D605F9 /* Talent Calculator */ = {
			isa = PBXNativeTarget;
			buildConfigurationList = AC1598BB2BB478C400D605F9 /* Build configuration list for PBXNativeTarget "Talent Calculator" */;
			buildPhases = (
				AC1598A92BB478C200D605F9 /* Sources */,
				AC1598AA2BB478C200D605F9 /* Frameworks */,
				AC1598AB2BB478C200D605F9 /* Resources */,
			);
			buildRules = (
			);
			dependencies = (
			);
			name = "Talent Calculator";
			productName = "Talent Calculator";
			productReference = AC1598AD2BB478C200D605F9 /* Talent Calculator.app */;
			productType = "com.apple.product-type.application";
		};
/* End PBXNativeTarget section */

/* Begin PBXProject section */
		AC1598A52BB478C200D605F9 /* Project object */ = {
			isa = PBXProject;
			attributes = {
				BuildIndependentTargetsInParallel = 1;
				LastSwiftUpdateCheck = 1520;
				LastUpgradeCheck = 1520;
				TargetAttributes = {
					AC1598AC2BB478C200D605F9 = {
						CreatedOnToolsVersion = 15.2;
					};
				};
			};
			buildConfigurationList = AC1598A82BB478C200D605F9 /* Build configuration list for PBXProject "Talent Calculator" */;
			compatibilityVersion = "Xcode 14.0";
			developmentRegion = en;
			hasScannedForEncodings = 0;
			knownRegions = (
				en,
				Base,
			);
			mainGroup = AC1598A42BB478C200D605F9;
			productRefGroup = AC1598AE2BB478C200D605F9 /* Products */;
			projectDirPath = "";
			projectRoot = "";
			targets = (
				AC1598AC2BB478C200D605F9 /* Talent Calculator */,
			);
		};
/* End PBXProject section */

/* Begin PBXResourcesBuildPhase section */
		AC1598AB2BB478C200D605F9 /* Resources */ = {
			isa = PBXResourcesBuildPhase;
			buildActionMask = 2147483647;
			files = (
				AC8D2B2D2BC6C4B500E4A245 /* druidFeral.json in Resources */,
				ACA5BE9F2BE2799800E9AA8A /* paladinProtection.json in Resources */,
				ACD358AE2BF2099D00AA2BB0 /* mageFrost.json in Resources */,
				AC1598FB2BB5B89400D605F9 /* druidBalance.json in Resources */,
				ACE97D4F2BF6049800A66BE5 /* rogueAssassination.json in Resources */,
				ACE97D5E2C04883B00A66BE5 /* priestDiscipline.json in Resources */,
				ACD358AC2BF2098D00AA2BB0 /* mageFire.json in Resources */,
				ACE97D662C04897D00A66BE5 /* hunterMarksmanship.json in Resources */,
				ACD358B02BF3BB9E00AA2BB0 /* hunterBeastMastery.json in Resources */,
				ACE97D682C04898D00A66BE5 /* hunterSurvival.json in Resources */,
				ACE97D532BF604CC00A66BE5 /* rogueSubtlety.json in Resources */,
				ACA5BE9B2BE274DE00E9AA8A /* paladinHoly.json in Resources */,
				ACE97D602C04884E00A66BE5 /* priestHoly.json in Resources */,
				AC1598B82BB478C400D605F9 /* Preview Assets.xcassets in Resources */,
				ACD2B7D52C10ACEB0045ED72 /* warlockDemonology.json in Resources */,
				ACE97D622C04885A00A66BE5 /* priestShadow.json in Resources */,
				ACE97D512BF604B300A66BE5 /* rogueCombat.json in Resources */,
				ACD2B7D32C10A9F90045ED72 /* warlockAffliction.json in Resources */,
				AC8D2B2F2BC6C4CA00E4A245 /* druidRestoration.json in Resources */,
				ACE97D4D2BF4B8A400A66BE5 /* warriorProtection.json in Resources */,
				ACE97D492BF4A90000A66BE5 /* warriorArms.json in Resources */,
				ACD2B7D72C10C3840045ED72 /* warlockDestruction.json in Resources */,
				ACE97D4B2BF4B34700A66BE5 /* warriorFury.json in Resources */,
				AC1598B52BB478C400D605F9 /* Assets.xcassets in Resources */,
				ACD358AA2BF2097B00AA2BB0 /* mageArcane.json in Resources */,
				AC69D01F2BF25D38006F68C2 /* paladinRetribution.json in Resources */,
			);
			runOnlyForDeploymentPostprocessing = 0;
		};
/* End PBXResourcesBuildPhase section */

/* Begin PBXSourcesBuildPhase section */
		AC1598A92BB478C200D605F9 /* Sources */ = {
			isa = PBXSourcesBuildPhase;
			buildActionMask = 2147483647;
			files = (
				AC1598E92BB49BF300D605F9 /* TalentsTreeView.swift in Sources */,
				ACE1B5972C11147100ADFD2C /* LoadingCommunityBuilds.swift in Sources */,
				AC1598EB2BB49C8A00D605F9 /* TalentGridView.swift in Sources */,
				ACE1B5932C11142600ADFD2C /* CustomNavigationLink.swift in Sources */,
				AC7BAFA12BB64392007883B1 /* CharacterClassesModel.swift in Sources */,
				AC7BAF9D2BB620FE007883B1 /* TabbarButtonView.swift in Sources */,
				AC1598F12BB4A62200D605F9 /* GridViewModel.swift in Sources */,
				ACE1B5912C110EDC00ADFD2C /* HomeView.swift in Sources */,
				8CC576412C0E7D8F00A58EBD /* ArrowCalculations.swift in Sources */,
				AC1598DC2BB47D0100D605F9 /* ClassesListView.swift in Sources */,
				AC8D2B2B2BC6B5E300E4A245 /* TalentCell.swift in Sources */,
				AC1598E02BB47D5A00D605F9 /* TalentsModel.swift in Sources */,
				AC1598B12BB478C200D605F9 /* Talent_CalculatorApp.swift in Sources */,
				ACE1B5952C11145500ADFD2C /* LoadingTalentView.swift in Sources */,
			);
			runOnlyForDeploymentPostprocessing = 0;
		};
/* End PBXSourcesBuildPhase section */

/* Begin XCBuildConfiguration section */
		AC1598B92BB478C400D605F9 /* Debug */ = {
			isa = XCBuildConfiguration;
			buildSettings = {
				ALWAYS_SEARCH_USER_PATHS = NO;
				ASSETCATALOG_COMPILER_GENERATE_SWIFT_ASSET_SYMBOL_EXTENSIONS = YES;
				CLANG_ANALYZER_NONNULL = YES;
				CLANG_ANALYZER_NUMBER_OBJECT_CONVERSION = YES_AGGRESSIVE;
				CLANG_CXX_LANGUAGE_STANDARD = "gnu++20";
				CLANG_ENABLE_MODULES = YES;
				CLANG_ENABLE_OBJC_ARC = YES;
				CLANG_ENABLE_OBJC_WEAK = YES;
				CLANG_WARN_BLOCK_CAPTURE_AUTORELEASING = YES;
				CLANG_WARN_BOOL_CONVERSION = YES;
				CLANG_WARN_COMMA = YES;
				CLANG_WARN_CONSTANT_CONVERSION = YES;
				CLANG_WARN_DEPRECATED_OBJC_IMPLEMENTATIONS = YES;
				CLANG_WARN_DIRECT_OBJC_ISA_USAGE = YES_ERROR;
				CLANG_WARN_DOCUMENTATION_COMMENTS = YES;
				CLANG_WARN_EMPTY_BODY = YES;
				CLANG_WARN_ENUM_CONVERSION = YES;
				CLANG_WARN_INFINITE_RECURSION = YES;
				CLANG_WARN_INT_CONVERSION = YES;
				CLANG_WARN_NON_LITERAL_NULL_CONVERSION = YES;
				CLANG_WARN_OBJC_IMPLICIT_RETAIN_SELF = YES;
				CLANG_WARN_OBJC_LITERAL_CONVERSION = YES;
				CLANG_WARN_OBJC_ROOT_CLASS = YES_ERROR;
				CLANG_WARN_QUOTED_INCLUDE_IN_FRAMEWORK_HEADER = YES;
				CLANG_WARN_RANGE_LOOP_ANALYSIS = YES;
				CLANG_WARN_STRICT_PROTOTYPES = YES;
				CLANG_WARN_SUSPICIOUS_MOVE = YES;
				CLANG_WARN_UNGUARDED_AVAILABILITY = YES_AGGRESSIVE;
				CLANG_WARN_UNREACHABLE_CODE = YES;
				CLANG_WARN__DUPLICATE_METHOD_MATCH = YES;
				COPY_PHASE_STRIP = NO;
				DEBUG_INFORMATION_FORMAT = dwarf;
				ENABLE_STRICT_OBJC_MSGSEND = YES;
				ENABLE_TESTABILITY = YES;
				ENABLE_USER_SCRIPT_SANDBOXING = YES;
				GCC_C_LANGUAGE_STANDARD = gnu17;
				GCC_DYNAMIC_NO_PIC = NO;
				GCC_NO_COMMON_BLOCKS = YES;
				GCC_OPTIMIZATION_LEVEL = 0;
				GCC_PREPROCESSOR_DEFINITIONS = (
					"DEBUG=1",
					"$(inherited)",
				);
				GCC_WARN_64_TO_32_BIT_CONVERSION = YES;
				GCC_WARN_ABOUT_RETURN_TYPE = YES_ERROR;
				GCC_WARN_UNDECLARED_SELECTOR = YES;
				GCC_WARN_UNINITIALIZED_AUTOS = YES_AGGRESSIVE;
				GCC_WARN_UNUSED_FUNCTION = YES;
				GCC_WARN_UNUSED_VARIABLE = YES;
				IPHONEOS_DEPLOYMENT_TARGET = 17.2;
				LOCALIZATION_PREFERS_STRING_CATALOGS = YES;
				MTL_ENABLE_DEBUG_INFO = INCLUDE_SOURCE;
				MTL_FAST_MATH = YES;
				ONLY_ACTIVE_ARCH = YES;
				SDKROOT = iphoneos;
				SWIFT_ACTIVE_COMPILATION_CONDITIONS = "DEBUG $(inherited)";
				SWIFT_OPTIMIZATION_LEVEL = "-Onone";
			};
			name = Debug;
		};
		AC1598BA2BB478C400D605F9 /* Release */ = {
			isa = XCBuildConfiguration;
			buildSettings = {
				ALWAYS_SEARCH_USER_PATHS = NO;
				ASSETCATALOG_COMPILER_GENERATE_SWIFT_ASSET_SYMBOL_EXTENSIONS = YES;
				CLANG_ANALYZER_NONNULL = YES;
				CLANG_ANALYZER_NUMBER_OBJECT_CONVERSION = YES_AGGRESSIVE;
				CLANG_CXX_LANGUAGE_STANDARD = "gnu++20";
				CLANG_ENABLE_MODULES = YES;
				CLANG_ENABLE_OBJC_ARC = YES;
				CLANG_ENABLE_OBJC_WEAK = YES;
				CLANG_WARN_BLOCK_CAPTURE_AUTORELEASING = YES;
				CLANG_WARN_BOOL_CONVERSION = YES;
				CLANG_WARN_COMMA = YES;
				CLANG_WARN_CONSTANT_CONVERSION = YES;
				CLANG_WARN_DEPRECATED_OBJC_IMPLEMENTATIONS = YES;
				CLANG_WARN_DIRECT_OBJC_ISA_USAGE = YES_ERROR;
				CLANG_WARN_DOCUMENTATION_COMMENTS = YES;
				CLANG_WARN_EMPTY_BODY = YES;
				CLANG_WARN_ENUM_CONVERSION = YES;
				CLANG_WARN_INFINITE_RECURSION = YES;
				CLANG_WARN_INT_CONVERSION = YES;
				CLANG_WARN_NON_LITERAL_NULL_CONVERSION = YES;
				CLANG_WARN_OBJC_IMPLICIT_RETAIN_SELF = YES;
				CLANG_WARN_OBJC_LITERAL_CONVERSION = YES;
				CLANG_WARN_OBJC_ROOT_CLASS = YES_ERROR;
				CLANG_WARN_QUOTED_INCLUDE_IN_FRAMEWORK_HEADER = YES;
				CLANG_WARN_RANGE_LOOP_ANALYSIS = YES;
				CLANG_WARN_STRICT_PROTOTYPES = YES;
				CLANG_WARN_SUSPICIOUS_MOVE = YES;
				CLANG_WARN_UNGUARDED_AVAILABILITY = YES_AGGRESSIVE;
				CLANG_WARN_UNREACHABLE_CODE = YES;
				CLANG_WARN__DUPLICATE_METHOD_MATCH = YES;
				COPY_PHASE_STRIP = NO;
				DEBUG_INFORMATION_FORMAT = "dwarf-with-dsym";
				ENABLE_NS_ASSERTIONS = NO;
				ENABLE_STRICT_OBJC_MSGSEND = YES;
				ENABLE_USER_SCRIPT_SANDBOXING = YES;
				GCC_C_LANGUAGE_STANDARD = gnu17;
				GCC_NO_COMMON_BLOCKS = YES;
				GCC_WARN_64_TO_32_BIT_CONVERSION = YES;
				GCC_WARN_ABOUT_RETURN_TYPE = YES_ERROR;
				GCC_WARN_UNDECLARED_SELECTOR = YES;
				GCC_WARN_UNINITIALIZED_AUTOS = YES_AGGRESSIVE;
				GCC_WARN_UNUSED_FUNCTION = YES;
				GCC_WARN_UNUSED_VARIABLE = YES;
				IPHONEOS_DEPLOYMENT_TARGET = 17.2;
				LOCALIZATION_PREFERS_STRING_CATALOGS = YES;
				MTL_ENABLE_DEBUG_INFO = NO;
				MTL_FAST_MATH = YES;
				SDKROOT = iphoneos;
				SWIFT_COMPILATION_MODE = wholemodule;
				VALIDATE_PRODUCT = YES;
			};
			name = Release;
		};
		AC1598BC2BB478C400D605F9 /* Debug */ = {
			isa = XCBuildConfiguration;
			buildSettings = {
				ASSETCATALOG_COMPILER_APPICON_NAME = AppIcon;
				ASSETCATALOG_COMPILER_GLOBAL_ACCENT_COLOR_NAME = AccentColor;
				CODE_SIGN_STYLE = Automatic;
				CURRENT_PROJECT_VERSION = 1;
				DEVELOPMENT_ASSET_PATHS = "\"Talent Calculator/Preview Content\"";
				DEVELOPMENT_TEAM = S5RNXZGRV7;
				ENABLE_PREVIEWS = YES;
				GENERATE_INFOPLIST_FILE = YES;
				INFOPLIST_KEY_UIApplicationSceneManifest_Generation = YES;
				INFOPLIST_KEY_UIApplicationSupportsIndirectInputEvents = YES;
				INFOPLIST_KEY_UILaunchScreen_Generation = YES;
				INFOPLIST_KEY_UIStatusBarStyle = UIStatusBarStyleDarkContent;
				INFOPLIST_KEY_UISupportedInterfaceOrientations = UIInterfaceOrientationPortrait;
				INFOPLIST_KEY_UIUserInterfaceStyle = Dark;
				IPHONEOS_DEPLOYMENT_TARGET = 17.0;
				LD_RUNPATH_SEARCH_PATHS = (
					"$(inherited)",
					"@executable_path/Frameworks",
				);
				MARKETING_VERSION = 1.0;
				PRODUCT_BUNDLE_IDENTIFIER = "hidaha.com.Talent-Calculator";
				PRODUCT_NAME = "$(TARGET_NAME)";
				SUPPORTED_PLATFORMS = "iphoneos iphonesimulator";
				SUPPORTS_MACCATALYST = NO;
				SUPPORTS_MAC_DESIGNED_FOR_IPHONE_IPAD = NO;
				SUPPORTS_XR_DESIGNED_FOR_IPHONE_IPAD = NO;
				SWIFT_EMIT_LOC_STRINGS = YES;
				SWIFT_VERSION = 5.0;
				TARGETED_DEVICE_FAMILY = 1;
			};
			name = Debug;
		};
		AC1598BD2BB478C400D605F9 /* Release */ = {
			isa = XCBuildConfiguration;
			buildSettings = {
				ASSETCATALOG_COMPILER_APPICON_NAME = AppIcon;
				ASSETCATALOG_COMPILER_GLOBAL_ACCENT_COLOR_NAME = AccentColor;
				CODE_SIGN_STYLE = Automatic;
				CURRENT_PROJECT_VERSION = 1;
				DEVELOPMENT_ASSET_PATHS = "\"Talent Calculator/Preview Content\"";
				DEVELOPMENT_TEAM = S5RNXZGRV7;
				ENABLE_PREVIEWS = YES;
				GENERATE_INFOPLIST_FILE = YES;
				INFOPLIST_KEY_UIApplicationSceneManifest_Generation = YES;
				INFOPLIST_KEY_UIApplicationSupportsIndirectInputEvents = YES;
				INFOPLIST_KEY_UILaunchScreen_Generation = YES;
				INFOPLIST_KEY_UIStatusBarStyle = UIStatusBarStyleDarkContent;
				INFOPLIST_KEY_UISupportedInterfaceOrientations = UIInterfaceOrientationPortrait;
				INFOPLIST_KEY_UIUserInterfaceStyle = Dark;
				IPHONEOS_DEPLOYMENT_TARGET = 17.0;
				LD_RUNPATH_SEARCH_PATHS = (
					"$(inherited)",
					"@executable_path/Frameworks",
				);
				MARKETING_VERSION = 1.0;
				PRODUCT_BUNDLE_IDENTIFIER = "hidaha.com.Talent-Calculator";
				PRODUCT_NAME = "$(TARGET_NAME)";
				SUPPORTED_PLATFORMS = "iphoneos iphonesimulator";
				SUPPORTS_MACCATALYST = NO;
				SUPPORTS_MAC_DESIGNED_FOR_IPHONE_IPAD = NO;
				SUPPORTS_XR_DESIGNED_FOR_IPHONE_IPAD = NO;
				SWIFT_EMIT_LOC_STRINGS = YES;
				SWIFT_VERSION = 5.0;
				TARGETED_DEVICE_FAMILY = 1;
			};
			name = Release;
		};
/* End XCBuildConfiguration section */

/* Begin XCConfigurationList section */
		AC1598A82BB478C200D605F9 /* Build configuration list for PBXProject "Talent Calculator" */ = {
			isa = XCConfigurationList;
			buildConfigurations = (
				AC1598B92BB478C400D605F9 /* Debug */,
				AC1598BA2BB478C400D605F9 /* Release */,
			);
			defaultConfigurationIsVisible = 0;
			defaultConfigurationName = Release;
		};
		AC1598BB2BB478C400D605F9 /* Build configuration list for PBXNativeTarget "Talent Calculator" */ = {
			isa = XCConfigurationList;
			buildConfigurations = (
				AC1598BC2BB478C400D605F9 /* Debug */,
				AC1598BD2BB478C400D605F9 /* Release */,
			);
			defaultConfigurationIsVisible = 0;
			defaultConfigurationName = Release;
		};
/* End XCConfigurationList section */
	};
	rootObject = AC1598A52BB478C200D605F9 /* Project object */;
}
